
Microsoft Visual Studio Solution File, Format Version 12.00
# Visual Studio 14
VisualStudioVersion = 14.0.25420.1
MinimumVisualStudioVersion = 10.0.40219.1
Project("{FAE04EC0-301F-11D3-BF4B-00C04F79EFBC}") = "ViewProvision", "ViewProvision\ViewProvision.csproj", "{03469CC9-4D9F-4620-9837-979E9BB6378F}"
EndProject
Project("{FAE04EC0-301F-11D3-BF4B-00C04F79EFBC}") = "ViewVisualization", "ViewVisualization\ViewVisualization.csproj", "{A0EFB63E-4521-424C-AE11-DF46EF0984BE}"
EndProject
Project("{FAE04EC0-301F-11D3-BF4B-00C04F79EFBC}") = "ViewProvision.Contract", "ViewProvision.Contract\ViewProvision.Contract.csproj", "{18FE09C9-62DC-4BB2-9444-D5A30098F116}"
EndProject
Project("{FAE04EC0-301F-11D3-BF4B-00C04F79EFBC}") = "IoCContainer", "IoCContainer\IoCContainer.csproj", "{51F683D8-1EFE-44A0-A4DD-B23701239766}"
EndProject
Global
	GlobalSection(SolutionConfigurationPlatforms) = preSolution
		Debug|Any CPU = Debug|Any CPU
		Release|Any CPU = Release|Any CPU
	EndGlobalSection
	GlobalSection(ProjectConfigurationPlatforms) = postSolution
		{03469CC9-4D9F-4620-9837-979E9BB6378F}.Debug|Any CPU.ActiveCfg = Debug|Any CPU
		{03469CC9-4D9F-4620-9837-979E9BB6378F}.Debug|Any CPU.Build.0 = Debug|Any CPU
		{03469CC9-4D9F-4620-9837-979E9BB6378F}.Release|Any CPU.ActiveCfg = Release|Any CPU
		{03469CC9-4D9F-4620-9837-979E9BB6378F}.Release|Any CPU.Build.0 = Release|Any CPU
		{A0EFB63E-4521-424C-AE11-DF46EF0984BE}.Debug|Any CPU.ActiveCfg = Debug|Any CPU
		{A0EFB63E-4521-424C-AE11-DF46EF0984BE}.Debug|Any CPU.Build.0 = Debug|Any CPU
		{A0EFB63E-4521-424C-AE11-DF46EF0984BE}.Release|Any CPU.ActiveCfg = Release|Any CPU
		{A0EFB63E-4521-424C-AE11-DF46EF0984BE}.Release|Any CPU.Build.0 = Release|Any CPU
		{18FE09C9-62DC-4BB2-9444-D5A30098F116}.Debug|Any CPU.ActiveCfg = Debug|Any CPU
		{18FE09C9-62DC-4BB2-9444-D5A30098F116}.Debug|Any CPU.Build.0 = Debug|Any CPU
		{18FE09C9-62DC-4BB2-9444-D5A30098F116}.Release|Any CPU.ActiveCfg = Release|Any CPU
		{18FE09C9-62DC-4BB2-9444-D5A30098F116}.Release|Any CPU.Build.0 = Release|Any CPU
		{51F683D8-1EFE-44A0-A4DD-B23701239766}.Debug|Any CPU.ActiveCfg = Debug|Any CPU
		{51F683D8-1EFE-44A0-A4DD-B23701239766}.Debug|Any CPU.Build.0 = Debug|Any CPU
		{51F683D8-1EFE-44A0-A4DD-B23701239766}.Release|Any CPU.ActiveCfg = Release|Any CPU
		{51F683D8-1EFE-44A0-A4DD-B23701239766}.Release|Any CPU.Build.0 = Release|Any CPU
	EndGlobalSection
	GlobalSection(SolutionProperties) = preSolution
		HideSolutionNode = FALSE
	EndGlobalSection
EndGlobal
